
Microsoft Visual Studio Solution File, Format Version 12.00
# Visual Studio 15
VisualStudioVersion = 15.0.28307.960
MinimumVisualStudioVersion = 10.0.40219.1
Project("{FAE04EC0-301F-11D3-BF4B-00C04F79EFBC}") = "RazorPageMovie", "RazorPageMovie\RazorPageMovie.csproj", "{D51F1B1A-F41D-4112-9A0B-A12508AD852D}"
EndProject
Global
	GlobalSection(SolutionConfigurationPlatforms) = preSolution
		Debug|Any CPU = Debug|Any CPU
		Release|Any CPU = Release|Any CPU
	EndGlobalSection
	GlobalSection(ProjectConfigurationPlatforms) = postSolution
		{D51F1B1A-F41D-4112-9A0B-A12508AD852D}.Debug|Any CPU.ActiveCfg = Debug|Any CPU
		{D51F1B1A-F41D-4112-9A0B-A12508AD852D}.Debug|Any CPU.Build.0 = Debug|Any CPU
		{D51F1B1A-F41D-4112-9A0B-A12508AD852D}.Release|Any CPU.ActiveCfg = Release|Any CPU
		{D51F1B1A-F41D-4112-9A0B-A12508AD852D}.Release|Any CPU.Build.0 = Release|Any CPU
	EndGlobalSection
	GlobalSection(SolutionProperties) = preSolution
		HideSolutionNode = FALSE
	EndGlobalSection
	GlobalSection(ExtensibilityGlobals) = postSolution
		SolutionGuid = {9B46465F-9EC7-4DF6-B077-3A8C3AE98AB9}
	EndGlobalSection
EndGlobal
